Microsoft Visual Studio Solution File, Format Version 12.00
# Visual Studio Version 16
VisualStudioVersion = 16.0.34301.259
MinimumVisualStudioVersion = 10.0.40219.1
Project("{8BC9CEB8-8B4A-11D0-8D11-00A0C91BC942}") = "fullbench-dll", "fullbench-dll.vcxproj", "{00000000-1CC8-4FD7-9281-6B8DBB9D3DF8}"
EndProject
Global
	GlobalSection(SolutionConfigurationPlatforms) = preSolution
		Debug|Win32 = Debug|Win32
		Debug|x64 = Debug|x64
		Release|Win32 = Release|Win32
		Release|x64 = Release|x64
	EndGlobalSection
	GlobalSection(ProjectConfigurationPlatforms) = postSolution
		{00000000-1CC8-4FD7-9281-6B8DBB9D3DF8}.Debug|Win32.ActiveCfg = Debug|Win32
		{00000000-1CC8-4FD7-9281-6B8DBB9D3DF8}.Debug|Win32.Build.0 = Debug|Win32
		{00000000-1CC8-4FD7-9281-6B8DBB9D3DF8}.Debug|x64.ActiveCfg = Debug|x64
		{00000000-1CC8-4FD7-9281-6B8DBB9D3DF8}.Debug|x64.Build.0 = Debug|x64
		{00000000-1CC8-4FD7-9281-6B8DBB9D3DF8}.Release|Win32.ActiveCfg = Release|Win32
		{00000000-1CC8-4FD7-9281-6B8DBB9D3DF8}.Release|Win32.Build.0 = Release|Win32
		{00000000-1CC8-4FD7-9281-6B8DBB9D3DF8}.Release|x64.ActiveCfg = Release|x64
		{00000000-1CC8-4FD7-9281-6B8DBB9D3DF8}.Release|x64.Build.0 = Release|x64
	EndGlobalSection
	GlobalSection(SolutionProperties) = preSolution
		HideSolutionNode = FALSE
	EndGlobalSection
	GlobalSection(ExtensibilityGlobals) = postSolution
		SolutionGuid = {DB8F87C9-9A12-4FE4-AB3F-3801E043A049}
	EndGlobalSection
EndGlobal
